{
  "name": "80-90ms sniper",
  "lockfileVersion": 3,
  "requires": true,
  "packages": {
    "": {
      "dependencies": {
        "extract-json-from-string": "^1.0.1",
        "tls": "^0.0.1",
        "ws": "^8.17.0"
      }
    },
    "node_modules/extract-json-from-string": {
      "version": "1.0.1",
      "resolved": "https://registry.npmjs.org/extract-json-from-string/-/extract-json-from-string-1.0.1.tgz",
      "integrity": "sha512-xfQOSFYbELVs9QVkKsV9FZAjlAmXQ2SLR6FpfFX1kpn4QAvaGBJlrnVOblMLwrLPYc26H+q9qxo6JTd4E7AwgQ==",
      "engines": {
        "node": ">=0.10.0"
      }
    },
    "node_modules/tls": {
      "version": "0.0.1",
      "resolved": "https://registry.npmjs.org/tls/-/tls-0.0.1.tgz",
      "integrity": "sha512-GzHpG+hwupY8VMR6rYsnAhTHqT/97zT45PG8WD5eTT1lq+dFE0nN+1PYpsoBcHJgSmTz5ceK2Cv88IkPmIPOtQ=="
    },
    "node_modules/ws": {
      "version": "8.17.0",
      "resolved": "https://registry.npmjs.org/ws/-/ws-8.17.0.tgz",
      "integrity": "sha512-uJq6108EgZMAl20KagGkzCKfMEjxmKvZHG7Tlq0Z6nOky7YF7aq4mOx6xK8TJ/i1LeK4Qus7INktacctDgY8Ow==",
      "engines": {
        "node": ">=10.0.0"
      },
      "peerDependencies": {
        "bufferutil": "^4.0.1",
        "utf-8-validate": ">=5.0.2"
      },
      "peerDependenciesMeta": {
        "bufferutil": {
          "optional": true
        },
        "utf-8-validate": {
          "optional": true
        }
      }
    }
  }
}
